// !$*UTF8*$!
{
	archiveVersion = 1;
	classes = {
	};
	objectVersion = 46;
	objects = {

/* Begin PBXBuildFile section */
		5367A6F3169497AA002534FF /* CoreFoundation.framework in Frameworks */ = {isa = PBXBuildFile; fileRef = 5367A6F2169497AA002534FF /* CoreFoundation.framework */; };
		5367A6F9169497AA002534FF /* InfoPlist.strings in Resources */ = {isa = PBXBuildFile; fileRef = 5367A6F7169497AA002534FF /* InfoPlist.strings */; };
		5367A7011694980A002534FF /* main.m in Sources */ = {isa = PBXBuildFile; fileRef = 5367A7001694980A002534FF /* main.m */; };
		5367A7131694981F002534FF /* CoreNetworking.framework in Frameworks */ = {isa = PBXBuildFile; fileRef = 5367A70C16949813002534FF /* CoreNetworking.framework */; };
		5367A7151694982D002534FF /* CoreNetworking.framework in Copy Frameworks */ = {isa = PBXBuildFile; fileRef = 5367A70C16949813002534FF /* CoreNetworking.framework */; };
		5367A7181694A651002534FF /* AFNetworkDomainServer.m in Sources */ = {isa = PBXBuildFile; fileRef = 5367A7171694A651002534FF /* AFNetworkDomainServer.m */; };
		5367A71A1694A6E2002534FF /* db.example.com in Resources */ = {isa = PBXBuildFile; fileRef = 5367A7191694A6E2002534FF /* db.example.com */; };
/* End PBXBuildFile section */

/* Begin PBXContainerItemProxy section */
		5367A70B16949813002534FF /* PBXContainerItemProxy */ = {
			isa = PBXContainerItemProxy;
			containerPortal = 5367A70216949813002534FF /* CoreNetworking.xcodeproj */;
			proxyType = 2;
			remoteGlobalIDString = 5370E0710F5B0571008F5991;
			remoteInfo = CoreNetworking;
		};
		5367A70D16949813002534FF /* PBXContainerItemProxy */ = {
			isa = PBXContainerItemProxy;
			containerPortal = 5367A70216949813002534FF /* CoreNetworking.xcodeproj */;
			proxyType = 2;
			remoteGlobalIDString = 53D4568116209630006FAD65;
			remoteInfo = "CoreNetworking Tests";
		};
		5367A70F16949813002534FF /* PBXContainerItemProxy */ = {
			isa = PBXContainerItemProxy;
			containerPortal = 5367A70216949813002534FF /* CoreNetworking.xcodeproj */;
			proxyType = 2;
			remoteGlobalIDString = 53BEF6A10F5B6A2700063B8D;
			remoteInfo = "CoreNetworking Touch";
		};
		5367A7111694981B002534FF /* PBXContainerItemProxy */ = {
			isa = PBXContainerItemProxy;
			containerPortal = 5367A70216949813002534FF /* CoreNetworking.xcodeproj */;
			proxyType = 1;
			remoteGlobalIDString = 5370E0700F5B0571008F5991;
			remoteInfo = CoreNetworking;
		};
/* End PBXContainerItemProxy section */

/* Begin PBXCopyFilesBuildPhase section */
		5367A71416949822002534FF /* Copy Frameworks */ = {
			isa = PBXCopyFilesBuildPhase;
			buildActionMask = 2147483647;
			dstPath = "";
			dstSubfolderSpec = 10;
			files = (
				5367A7151694982D002534FF /* CoreNetworking.framework in Copy Frameworks */,
			);
			name = "Copy Frameworks";
			runOnlyForDeploymentPostprocessing = 0;
		};
/* End PBXCopyFilesBuildPhase section */

/* Begin PBXFileReference section */
		5367A6EF169497AA002534FF /* DNS Server.app */ = {isa = PBXFileReference; explicitFileType = wrapper.cfbundle; includeInIndex = 0; path = "DNS Server.app"; sourceTree = BUILT_PRODUCTS_DIR; };
		5367A6F2169497AA002534FF /* CoreFoundation.framework */ = {isa = PBXFileReference; lastKnownFileType = wrapper.framework; name = CoreFoundation.framework; path = System/Library/Frameworks/CoreFoundation.framework; sourceTree = SDKROOT; };
		5367A6F6169497AA002534FF /* DNS Server-Info.plist */ = {isa = PBXFileReference; lastKnownFileType = text.plist.xml; path = "DNS Server-Info.plist"; sourceTree = "<group>"; };
		5367A6F8169497AA002534FF /* en */ = {isa = PBXFileReference; lastKnownFileType = text.plist.strings; name = en; path = en.lproj/InfoPlist.strings; sourceTree = "<group>"; };
		5367A6FA169497AA002534FF /* DNS Server-Prefix.pch */ = {isa = PBXFileReference; lastKnownFileType = sourcecode.c.h; path = "DNS Server-Prefix.pch"; sourceTree = "<group>"; };
		5367A7001694980A002534FF /* main.m */ = {isa = PBXFileReference; fileEncoding = 4; lastKnownFileType = sourcecode.c.objc; path = main.m; sourceTree = "<group>"; };
		5367A70216949813002534FF /* CoreNetworking.xcodeproj */ = {isa = PBXFileReference; lastKnownFileType = "wrapper.pb-project"; name = CoreNetworking.xcodeproj; path = ../Amber/CoreNetworking/CoreNetworking.xcodeproj; sourceTree = "<group>"; };
		5367A7161694A651002534FF /* AFNetworkDomainServer.h */ = {isa = PBXFileReference; fileEncoding = 4; lastKnownFileType = sourcecode.c.h; path = AFNetworkDomainServer.h; sourceTree = "<group>"; };
		5367A7171694A651002534FF /* AFNetworkDomainServer.m */ = {isa = PBXFileReference; fileEncoding = 4; lastKnownFileType = sourcecode.c.objc; path = AFNetworkDomainServer.m; sourceTree = "<group>"; };
		5367A7191694A6E2002534FF /* db.example.com */ = {isa = PBXFileReference; fileEncoding = 4; lastKnownFileType = text; path = db.example.com; sourceTree = "<group>"; };
/* End PBXFileReference section */

/* Begin PBXFrameworksBuildPhase section */
		5367A6EC169497AA002534FF /* Frameworks */ = {
			isa = PBXFrameworksBuildPhase;
			buildActionMask = 2147483647;
			files = (
				5367A7131694981F002534FF /* CoreNetworking.framework in Frameworks */,
				5367A6F3169497AA002534FF /* CoreFoundation.framework in Frameworks */,
			);
			runOnlyForDeploymentPostprocessing = 0;
		};
/* End PBXFrameworksBuildPhase section */

/* Begin PBXGroup section */
		5367A6E4169497AA002534FF = {
			isa = PBXGroup;
			children = (
				5367A6F4169497AA002534FF /* DNS Server */,
				5367A6F1169497AA002534FF /* Frameworks */,
				5367A6F0169497AA002534FF /* Products */,
			);
			sourceTree = "<group>";
		};
		5367A6F0169497AA002534FF /* Products */ = {
			isa = PBXGroup;
			children = (
				5367A6EF169497AA002534FF /* DNS Server.app */,
			);
			name = Products;
			sourceTree = "<group>";
		};
		5367A6F1169497AA002534FF /* Frameworks */ = {
			isa = PBXGroup;
			children = (
				5367A70216949813002534FF /* CoreNetworking.xcodeproj */,
				5367A6F2169497AA002534FF /* CoreFoundation.framework */,
			);
			name = Frameworks;
			sourceTree = "<group>";
		};
		5367A6F4169497AA002534FF /* DNS Server */ = {
			isa = PBXGroup;
			children = (
				5367A7001694980A002534FF /* main.m */,
				5367A7161694A651002534FF /* AFNetworkDomainServer.h */,
				5367A7171694A651002534FF /* AFNetworkDomainServer.m */,
				5367A7191694A6E2002534FF /* db.example.com */,
				5367A6F5169497AA002534FF /* Supporting Files */,
			);
			path = "DNS Server";
			sourceTree = "<group>";
		};
		5367A6F5169497AA002534FF /* Supporting Files */ = {
			isa = PBXGroup;
			children = (
				5367A6F6169497AA002534FF /* DNS Server-Info.plist */,
				5367A6F7169497AA002534FF /* InfoPlist.strings */,
				5367A6FA169497AA002534FF /* DNS Server-Prefix.pch */,
			);
			name = "Supporting Files";
			sourceTree = "<group>";
		};
		5367A70316949813002534FF /* Products */ = {
			isa = PBXGroup;
			children = (
				5367A70C16949813002534FF /* CoreNetworking.framework */,
				5367A70E16949813002534FF /* CoreNetworking Tests.octest */,
				5367A71016949813002534FF /* libCoreNetworking.a */,
			);
			name = Products;
			sourceTree = "<group>";
		};
/* End PBXGroup section */

/* Begin PBXNativeTarget section */
		5367A6EE169497AA002534FF /* DNS Server */ = {
			isa = PBXNativeTarget;
			buildConfigurationList = 5367A6FD169497AA002534FF /* Build configuration list for PBXNativeTarget "DNS Server" */;
			buildPhases = (
				5367A6EB169497AA002534FF /* Sources */,
				5367A6EC169497AA002534FF /* Frameworks */,
				5367A6ED169497AA002534FF /* Resources */,
				5367A71416949822002534FF /* Copy Frameworks */,
			);
			buildRules = (
			);
			dependencies = (
				5367A7121694981B002534FF /* PBXTargetDependency */,
			);
			name = "DNS Server";
			productName = "DNS Server";
			productReference = 5367A6EF169497AA002534FF /* DNS Server.app */;
			productType = "com.apple.product-type.bundle";
		};
/* End PBXNativeTarget section */

/* Begin PBXProject section */
		5367A6E6169497AA002534FF /* Project object */ = {
			isa = PBXProject;
			attributes = {
				LastUpgradeCheck = 0450;
				ORGANIZATIONNAME = "Keith Duncan";
			};
			buildConfigurationList = 5367A6E9169497AA002534FF /* Build configuration list for PBXProject "DNS Server" */;
			compatibilityVersion = "Xcode 3.2";
			developmentRegion = English;
			hasScannedForEncodings = 0;
			knownRegions = (
				en,
			);
			mainGroup = 5367A6E4169497AA002534FF;
			productRefGroup = 5367A6F0169497AA002534FF /* Products */;
			projectDirPath = "";
			projectReferences = (
				{
					ProductGroup = 5367A70316949813002534FF /* Products */;
					ProjectRef = 5367A70216949813002534FF /* CoreNetworking.xcodeproj */;
				},
			);
			projectRoot = "";
			targets = (
				5367A6EE169497AA002534FF /* DNS Server */,
			);
		};
/* End PBXProject section */

/* Begin PBXReferenceProxy section */
		5367A70C16949813002534FF /* CoreNetworking.framework */ = {
			isa = PBXReferenceProxy;
			fileType = wrapper.framework;
			path = CoreNetworking.framework;
			remoteRef = 5367A70B16949813002534FF /* PBXContainerItemProxy */;
			sourceTree = BUILT_PRODUCTS_DIR;
		};
		5367A70E16949813002534FF /* CoreNetworking Tests.octest */ = {
			isa = PBXReferenceProxy;
			fileType = wrapper.cfbundle;
			path = "CoreNetworking Tests.octest";
			remoteRef = 5367A70D16949813002534FF /* PBXContainerItemProxy */;
			sourceTree = BUILT_PRODUCTS_DIR;
		};
		5367A71016949813002534FF /* libCoreNetworking.a */ = {
			isa = PBXReferenceProxy;
			fileType = archive.ar;
			path = libCoreNetworking.a;
			remoteRef = 5367A70F16949813002534FF /* PBXContainerItemProxy */;
			sourceTree = BUILT_PRODUCTS_DIR;
		};
/* End PBXReferenceProxy section */

/* Begin PBXResourcesBuildPhase section */
		5367A6ED169497AA002534FF /* Resources */ = {
			isa = PBXResourcesBuildPhase;
			buildActionMask = 2147483647;
			files = (
				5367A6F9169497AA002534FF /* InfoPlist.strings in Resources */,
				5367A71A1694A6E2002534FF /* db.example.com in Resources */,
			);
			runOnlyForDeploymentPostprocessing = 0;
		};
/* End PBXResourcesBuildPhase section */

/* Begin PBXSourcesBuildPhase section */
		5367A6EB169497AA002534FF /* Sources */ = {
			isa = PBXSourcesBuildPhase;
			buildActionMask = 2147483647;
			files = (
				5367A7011694980A002534FF /* main.m in Sources */,
				5367A7181694A651002534FF /* AFNetworkDomainServer.m in Sources */,
			);
			runOnlyForDeploymentPostprocessing = 0;
		};
/* End PBXSourcesBuildPhase section */

/* Begin PBXTargetDependency section */
		5367A7121694981B002534FF /* PBXTargetDependency */ = {
			isa = PBXTargetDependency;
			name = CoreNetworking;
			targetProxy = 5367A7111694981B002534FF /* PBXContainerItemProxy */;
		};
/* End PBXTargetDependency section */

/* Begin PBXVariantGroup section */
		5367A6F7169497AA002534FF /* InfoPlist.strings */ = {
			isa = PBXVariantGroup;
			children = (
				5367A6F8169497AA002534FF /* en */,
			);
			name = InfoPlist.strings;
			sourceTree = "<group>";
		};
/* End PBXVariantGroup section */

/* Begin XCBuildConfiguration section */
		5367A6FB169497AA002534FF /* Debug */ = {
			isa = XCBuildConfiguration;
			buildSettings = {
				ALWAYS_SEARCH_USER_PATHS = NO;
				ARCHS = "$(ARCHS_STANDARD_64_BIT)";
				CLANG_CXX_LANGUAGE_STANDARD = "gnu++0x";
				CLANG_CXX_LIBRARY = "libc++";
				CLANG_WARN_EMPTY_BODY = YES;
				CLANG_WARN__DUPLICATE_METHOD_MATCH = YES;
				COPY_PHASE_STRIP = NO;
				GCC_C_LANGUAGE_STANDARD = gnu99;
				GCC_DYNAMIC_NO_PIC = NO;
				GCC_ENABLE_OBJC_EXCEPTIONS = YES;
				GCC_OPTIMIZATION_LEVEL = 0;
				GCC_PREPROCESSOR_DEFINITIONS = (
					"DEBUG=1",
					"$(inherited)",
				);
				GCC_SYMBOLS_PRIVATE_EXTERN = NO;
				GCC_WARN_64_TO_32_BIT_CONVERSION = YES;
				GCC_WARN_ABOUT_RETURN_TYPE = YES;
				GCC_WARN_UNINITIALIZED_AUTOS = YES;
				GCC_WARN_UNUSED_VARIABLE = YES;
				MACOSX_DEPLOYMENT_TARGET = 10.8;
				ONLY_ACTIVE_ARCH = YES;
				SDKROOT = macosx;
			};
			name = Debug;
		};
		5367A6FC169497AA002534FF /* Release */ = {
			isa = XCBuildConfiguration;
			buildSettings = {
				ALWAYS_SEARCH_USER_PATHS = NO;
				ARCHS = "$(ARCHS_STANDARD_64_BIT)";
				CLANG_CXX_LANGUAGE_STANDARD = "gnu++0x";
				CLANG_CXX_LIBRARY = "libc++";
				CLANG_WARN_EMPTY_BODY = YES;
				CLANG_WARN__DUPLICATE_METHOD_MATCH = YES;
				COPY_PHASE_STRIP = YES;
				DEBUG_INFORMATION_FORMAT = "dwarf-with-dsym";
				GCC_C_LANGUAGE_STANDARD = gnu99;
				GCC_ENABLE_OBJC_EXCEPTIONS = YES;
				GCC_WARN_64_TO_32_BIT_CONVERSION = YES;
				GCC_WARN_ABOUT_RETURN_TYPE = YES;
				GCC_WARN_UNINITIALIZED_AUTOS = YES;
				GCC_WARN_UNUSED_VARIABLE = YES;
				MACOSX_DEPLOYMENT_TARGET = 10.8;
				SDKROOT = macosx;
			};
			name = Release;
		};
		5367A6FE169497AA002534FF /* Debug */ = {
			isa = XCBuildConfiguration;
			buildSettings = {
				COMBINE_HIDPI_IMAGES = YES;
				GCC_PRECOMPILE_PREFIX_HEADER = YES;
				GCC_PREFIX_HEADER = "DNS Server/DNS Server-Prefix.pch";
				INFOPLIST_FILE = "DNS Server/DNS Server-Info.plist";
				INSTALL_PATH = "$(LOCAL_LIBRARY_DIR)/Bundles";
				LD_RUNPATH_SEARCH_PATHS = "@loader_path/../Frameworks";
				MACH_O_TYPE = mh_execute;
				PRODUCT_NAME = "$(TARGET_NAME)";
				WRAPPER_EXTENSION = app;
			};
			name = Debug;
		};
		5367A6FF169497AA002534FF /* Release */ = {
			isa = XCBuildConfiguration;
			buildSettings = {
				COMBINE_HIDPI_IMAGES = YES;
				GCC_PRECOMPILE_PREFIX_HEADER = YES;
				GCC_PREFIX_HEADER = "DNS Server/DNS Server-Prefix.pch";
				INFOPLIST_FILE = "DNS Server/DNS Server-Info.plist";
				INSTALL_PATH = "$(LOCAL_LIBRARY_DIR)/Bundles";
				LD_RUNPATH_SEARCH_PATHS = "@loader_path/../Frameworks";
				MACH_O_TYPE = mh_execute;
				PRODUCT_NAME = "$(TARGET_NAME)";
				WRAPPER_EXTENSION = app;
			};
			name = Release;
		};
/* End XCBuildConfiguration section */

/* Begin XCConfigurationList section */
		5367A6E9169497AA002534FF /* Build configuration list for PBXProject "DNS Server" */ = {
			isa = XCConfigurationList;
			buildConfigurations = (
				5367A6FB169497AA002534FF /* Debug */,
				5367A6FC169497AA002534FF /* Release */,
			);
			defaultConfigurationIsVisible = 0;
			defaultConfigurationName = Release;
		};
		5367A6FD169497AA002534FF /* Build configuration list for PBXNativeTarget "DNS Server" */ = {
			isa = XCConfigurationList;
			buildConfigurations = (
				5367A6FE169497AA002534FF /* Debug */,
				5367A6FF169497AA002534FF /* Release */,
			);
			defaultConfigurationIsVisible = 0;
		};
/* End XCConfigurationList section */
	};
	rootObject = 5367A6E6169497AA002534FF /* Project object */;
}
